
Microsoft Visual Studio Solution File, Format Version 12.00
# Visual Studio Version 16
VisualStudioVersion = 16.0.31613.86
MinimumVisualStudioVersion = 10.0.40219.1
Project("{FAE04EC0-301F-11D3-BF4B-00C04F79EFBC}") = "Vocabulary_System_Se307+", "Vocabulary_System_Se307+\Vocabulary_System_Se307+.csproj", "{F4D79528-EEF3-4C7D-B651-C6EBD5855489}"
EndProject
Global
	GlobalSection(SolutionConfigurationPlatforms) = preSolution
		Debug|Any CPU = Debug|Any CPU
		Release|Any CPU = Release|Any CPU
	EndGlobalSection
	GlobalSection(ProjectConfigurationPlatforms) = postSolution
		{F4D79528-EEF3-4C7D-B651-C6EBD5855489}.Debug|Any CPU.ActiveCfg = Debug|Any CPU
		{F4D79528-EEF3-4C7D-B651-C6EBD5855489}.Debug|Any CPU.Build.0 = Debug|Any CPU
		{F4D79528-EEF3-4C7D-B651-C6EBD5855489}.Release|Any CPU.ActiveCfg = Release|Any CPU
		{F4D79528-EEF3-4C7D-B651-C6EBD5855489}.Release|Any CPU.Build.0 = Release|Any CPU
	EndGlobalSection
	GlobalSection(SolutionProperties) = preSolution
		HideSolutionNode = FALSE
	EndGlobalSection
	GlobalSection(ExtensibilityGlobals) = postSolution
		SolutionGuid = {F0EBBAE0-759D-400B-B147-9CDBED6CC05A}
	EndGlobalSection
EndGlobal
